
Microsoft Visual Studio Solution File, Format Version 12.00
# Visual Studio Version 17
VisualStudioVersion = 17.7.34003.232
MinimumVisualStudioVersion = 10.0.40219.1
Project("{FAE04EC0-301F-11D3-BF4B-00C04F79EFBC}") = "WebApplication1", "WebApplication1\WebApplication1.csproj", "{C31C2F95-DE69-4BBC-8259-C7C4FEFCE667}"
EndProject
Global
	GlobalSection(SolutionConfigurationPlatforms) = preSolution
		Debug|Any CPU = Debug|Any CPU
		Release|Any CPU = Release|Any CPU
	EndGlobalSection
	GlobalSection(ProjectConfigurationPlatforms) = postSolution
		{C31C2F95-DE69-4BBC-8259-C7C4FEFCE667}.Debug|Any CPU.ActiveCfg = Debug|Any CPU
		{C31C2F95-DE69-4BBC-8259-C7C4FEFCE667}.Debug|Any CPU.Build.0 = Debug|Any CPU
		{C31C2F95-DE69-4BBC-8259-C7C4FEFCE667}.Release|Any CPU.ActiveCfg = Release|Any CPU
		{C31C2F95-DE69-4BBC-8259-C7C4FEFCE667}.Release|Any CPU.Build.0 = Release|Any CPU
	EndGlobalSection
	GlobalSection(SolutionProperties) = preSolution
		HideSolutionNode = FALSE
	EndGlobalSection
	GlobalSection(ExtensibilityGlobals) = postSolution
		SolutionGuid = {F0D89490-13BB-4AAD-85EE-1BD11EA1E9F9}
	EndGlobalSection
EndGlobal
